// !$*UTF8*$!
{
	archiveVersion = 1;
	classes = {
	};
	objectVersion = 56;
	objects = {

/* Begin PBXBuildFile section */
		6A1417CD2B3EC2D200003899 /* SettingController.swift in Sources */ = {isa = PBXBuildFile; fileRef = 6A1417CC2B3EC2D200003899 /* SettingController.swift */; };
		6A1417D12B3EC30900003899 /* ColorUtils.swift in Sources */ = {isa = PBXBuildFile; fileRef = 6A1417D02B3EC30900003899 /* ColorUtils.swift */; };
		6A1417D72B3EC33100003899 /* h1x1.mp4 in Resources */ = {isa = PBXBuildFile; fileRef = 6A1417D62B3EC32900003899 /* h1x1.mp4 */; };
		6A1417D82B3EC33100003899 /* h3x2.mp4 in Resources */ = {isa = PBXBuildFile; fileRef = 6A1417D22B3EC32900003899 /* h3x2.mp4 */; };
		6A1417D92B3EC33100003899 /* h2x1.mp4 in Resources */ = {isa = PBXBuildFile; fileRef = 6A1417D42B3EC32900003899 /* h2x1.mp4 */; };
		6A1417DA2B3EC33100003899 /* h4x3.mp4 in Resources */ = {isa = PBXBuildFile; fileRef = 6A1417D32B3EC32900003899 /* h4x3.mp4 */; };
		6A1417DB2B3EC33100003899 /* h3x1.mp4 in Resources */ = {isa = PBXBuildFile; fileRef = 6A1417D52B3EC32900003899 /* h3x1.mp4 */; };
		6AEE376E2B3D5D3C00137264 /* AppDelegate.swift in Sources */ = {isa = PBXBuildFile; fileRef = 6AEE376D2B3D5D3C00137264 /* AppDelegate.swift */; };
		6AEE37702B3D5D3C00137264 /* SceneDelegate.swift in Sources */ = {isa = PBXBuildFile; fileRef = 6AEE376F2B3D5D3C00137264 /* SceneDelegate.swift */; };
		6AEE37722B3D5D3C00137264 /* ViewController.swift in Sources */ = {isa = PBXBuildFile; fileRef = 6AEE37712B3D5D3C00137264 /* ViewController.swift */; };
		6AEE37752B3D5D3C00137264 /* Main.storyboard in Resources */ = {isa = PBXBuildFile; fileRef = 6AEE37732B3D5D3C00137264 /* Main.storyboard */; };
		6AEE37772B3D5D3E00137264 /* Assets.xcassets in Resources */ = {isa = PBXBuildFile; fileRef = 6AEE37762B3D5D3E00137264 /* Assets.xcassets */; };
		6AEE377A2B3D5D3E00137264 /* LaunchScreen.storyboard in Resources */ = {isa = PBXBuildFile; fileRef = 6AEE37782B3D5D3E00137264 /* LaunchScreen.storyboard */; };
/* End PBXBuildFile section */

/* Begin PBXFileReference section */
		6A1417CC2B3EC2D200003899 /* SettingController.swift */ = {isa = PBXFileReference; lastKnownFileType = sourcecode.swift; path = SettingController.swift; sourceTree = "<group>"; };
		6A1417D02B3EC30900003899 /* ColorUtils.swift */ = {isa = PBXFileReference; lastKnownFileType = sourcecode.swift; path = ColorUtils.swift; sourceTree = "<group>"; };
		6A1417D22B3EC32900003899 /* h3x2.mp4 */ = {isa = PBXFileReference; lastKnownFileType = file; path = h3x2.mp4; sourceTree = "<group>"; };
		6A1417D32B3EC32900003899 /* h4x3.mp4 */ = {isa = PBXFileReference; lastKnownFileType = file; path = h4x3.mp4; sourceTree = "<group>"; };
		6A1417D42B3EC32900003899 /* h2x1.mp4 */ = {isa = PBXFileReference; lastKnownFileType = file; path = h2x1.mp4; sourceTree = "<group>"; };
		6A1417D52B3EC32900003899 /* h3x1.mp4 */ = {isa = PBXFileReference; lastKnownFileType = file; path = h3x1.mp4; sourceTree = "<group>"; };
		6A1417D62B3EC32900003899 /* h1x1.mp4 */ = {isa = PBXFileReference; lastKnownFileType = file; path = h1x1.mp4; sourceTree = "<group>"; };
		6AEE376A2B3D5D3C00137264 /* PiPlayground.app */ = {isa = PBXFileReference; explicitFileType = wrapper.application; includeInIndex = 0; path = PiPlayground.app; sourceTree = BUILT_PRODUCTS_DIR; };
		6AEE376D2B3D5D3C00137264 /* AppDelegate.swift */ = {isa = PBXFileReference; lastKnownFileType = sourcecode.swift; path = AppDelegate.swift; sourceTree = "<group>"; };
		6AEE376F2B3D5D3C00137264 /* SceneDelegate.swift */ = {isa = PBXFileReference; lastKnownFileType = sourcecode.swift; path = SceneDelegate.swift; sourceTree = "<group>"; };
		6AEE37712B3D5D3C00137264 /* ViewController.swift */ = {isa = PBXFileReference; lastKnownFileType = sourcecode.swift; path = ViewController.swift; sourceTree = "<group>"; };
		6AEE37742B3D5D3C00137264 /* Base */ = {isa = PBXFileReference; lastKnownFileType = file.storyboard; name = Base; path = Base.lproj/Main.storyboard; sourceTree = "<group>"; };
		6AEE37762B3D5D3E00137264 /* Assets.xcassets */ = {isa = PBXFileReference; lastKnownFileType = folder.assetcatalog; path = Assets.xcassets; sourceTree = "<group>"; };
		6AEE37792B3D5D3E00137264 /* Base */ = {isa = PBXFileReference; lastKnownFileType = file.storyboard; name = Base; path = Base.lproj/LaunchScreen.storyboard; sourceTree = "<group>"; };
		6AEE377B2B3D5D3E00137264 /* Info.plist */ = {isa = PBXFileReference; lastKnownFileType = text.plist.xml; path = Info.plist; sourceTree = "<group>"; };
/* End PBXFileReference section */

/* Begin PBXFrameworksBuildPhase section */
		6AEE37672B3D5D3C00137264 /* Frameworks */ = {
			isa = PBXFrameworksBuildPhase;
			buildActionMask = 2147483647;
			files = (
			);
			runOnlyForDeploymentPostprocessing = 0;
		};
/* End PBXFrameworksBuildPhase section */

/* Begin PBXGroup section */
		6AEE37612B3D5D3C00137264 = {
			isa = PBXGroup;
			children = (
				6AEE376C2B3D5D3C00137264 /* PiPlayground */,
				6AEE376B2B3D5D3C00137264 /* Products */,
			);
			sourceTree = "<group>";
		};
		6AEE376B2B3D5D3C00137264 /* Products */ = {
			isa = PBXGroup;
			children = (
				6AEE376A2B3D5D3C00137264 /* PiPlayground.app */,
			);
			name = Products;
			sourceTree = "<group>";
		};
		6AEE376C2B3D5D3C00137264 /* PiPlayground */ = {
			isa = PBXGroup;
			children = (
				6AEE376D2B3D5D3C00137264 /* AppDelegate.swift */,
				6AEE376F2B3D5D3C00137264 /* SceneDelegate.swift */,
				6AEE37712B3D5D3C00137264 /* ViewController.swift */,
				6A1417CC2B3EC2D200003899 /* SettingController.swift */,
				6A1417D02B3EC30900003899 /* ColorUtils.swift */,
				6AEE37832B3D75AF00137264 /* Videos */,
				6AEE37732B3D5D3C00137264 /* Main.storyboard */,
				6AEE37762B3D5D3E00137264 /* Assets.xcassets */,
				6AEE37782B3D5D3E00137264 /* LaunchScreen.storyboard */,
				6AEE377B2B3D5D3E00137264 /* Info.plist */,
			);
			path = PiPlayground;
			sourceTree = "<group>";
		};
		6AEE37832B3D75AF00137264 /* Videos */ = {
			isa = PBXGroup;
			children = (
				6A1417D62B3EC32900003899 /* h1x1.mp4 */,
				6A1417D42B3EC32900003899 /* h2x1.mp4 */,
				6A1417D52B3EC32900003899 /* h3x1.mp4 */,
				6A1417D22B3EC32900003899 /* h3x2.mp4 */,
				6A1417D32B3EC32900003899 /* h4x3.mp4 */,
			);
			path = Videos;
			sourceTree = "<group>";
		};
/* End PBXGroup section */

/* Begin PBXNativeTarget section */
		6AEE37692B3D5D3C00137264 /* PiPlayground */ = {
			isa = PBXNativeTarget;
			buildConfigurationList = 6AEE377E2B3D5D3E00137264 /* Build configuration list for PBXNativeTarget "PiPlayground" */;
			buildPhases = (
				6AEE37662B3D5D3C00137264 /* Sources */,
				6AEE37672B3D5D3C00137264 /* Frameworks */,
				6AEE37682B3D5D3C00137264 /* Resources */,
			);
			buildRules = (
			);
			dependencies = (
			);
			name = PiPlayground;
			productName = PiPlayground;
			productReference = 6AEE376A2B3D5D3C00137264 /* PiPlayground.app */;
			productType = "com.apple.product-type.application";
		};
/* End PBXNativeTarget section */

/* Begin PBXProject section */
		6AEE37622B3D5D3C00137264 /* Project object */ = {
			isa = PBXProject;
			attributes = {
				BuildIndependentTargetsInParallel = 1;
				LastSwiftUpdateCheck = 1510;
				LastUpgradeCheck = 1510;
				TargetAttributes = {
					6AEE37692B3D5D3C00137264 = {
						CreatedOnToolsVersion = 15.1;
					};
				};
			};
			buildConfigurationList = 6AEE37652B3D5D3C00137264 /* Build configuration list for PBXProject "PiPlayground" */;
			compatibilityVersion = "Xcode 14.0";
			developmentRegion = en;
			hasScannedForEncodings = 0;
			knownRegions = (
				en,
				Base,
			);
			mainGroup = 6AEE37612B3D5D3C00137264;
			productRefGroup = 6AEE376B2B3D5D3C00137264 /* Products */;
			projectDirPath = "";
			projectRoot = "";
			targets = (
				6AEE37692B3D5D3C00137264 /* PiPlayground */,
			);
		};
/* End PBXProject section */

/* Begin PBXResourcesBuildPhase section */
		6AEE37682B3D5D3C00137264 /* Resources */ = {
			isa = PBXResourcesBuildPhase;
			buildActionMask = 2147483647;
			files = (
				6AEE377A2B3D5D3E00137264 /* LaunchScreen.storyboard in Resources */,
				6A1417D72B3EC33100003899 /* h1x1.mp4 in Resources */,
				6AEE37772B3D5D3E00137264 /* Assets.xcassets in Resources */,
				6A1417DB2B3EC33100003899 /* h3x1.mp4 in Resources */,
				6A1417DA2B3EC33100003899 /* h4x3.mp4 in Resources */,
				6A1417D82B3EC33100003899 /* h3x2.mp4 in Resources */,
				6A1417D92B3EC33100003899 /* h2x1.mp4 in Resources */,
				6AEE37752B3D5D3C00137264 /* Main.storyboard in Resources */,
			);
			runOnlyForDeploymentPostprocessing = 0;
		};
/* End PBXResourcesBuildPhase section */

/* Begin PBXSourcesBuildPhase section */
		6AEE37662B3D5D3C00137264 /* Sources */ = {
			isa = PBXSourcesBuildPhase;
			buildActionMask = 2147483647;
			files = (
				6A1417CD2B3EC2D200003899 /* SettingController.swift in Sources */,
				6AEE37722B3D5D3C00137264 /* ViewController.swift in Sources */,
				6AEE376E2B3D5D3C00137264 /* AppDelegate.swift in Sources */,
				6AEE37702B3D5D3C00137264 /* SceneDelegate.swift in Sources */,
				6A1417D12B3EC30900003899 /* ColorUtils.swift in Sources */,
			);
			runOnlyForDeploymentPostprocessing = 0;
		};
/* End PBXSourcesBuildPhase section */

/* Begin PBXVariantGroup section */
		6AEE37732B3D5D3C00137264 /* Main.storyboard */ = {
			isa = PBXVariantGroup;
			children = (
				6AEE37742B3D5D3C00137264 /* Base */,
			);
			name = Main.storyboard;
			sourceTree = "<group>";
		};
		6AEE37782B3D5D3E00137264 /* LaunchScreen.storyboard */ = {
			isa = PBXVariantGroup;
			children = (
				6AEE37792B3D5D3E00137264 /* Base */,
			);
			name = LaunchScreen.storyboard;
			sourceTree = "<group>";
		};
/* End PBXVariantGroup section */

/* Begin XCBuildConfiguration section */
		6AEE377C2B3D5D3E00137264 /* Debug */ = {
			isa = XCBuildConfiguration;
			buildSettings = {
				ALWAYS_SEARCH_USER_PATHS = NO;
				ASSETCATALOG_COMPILER_GENERATE_SWIFT_ASSET_SYMBOL_EXTENSIONS = YES;
				CLANG_ANALYZER_NONNULL = YES;
				CLANG_ANALYZER_NUMBER_OBJECT_CONVERSION = YES_AGGRESSIVE;
				CLANG_CXX_LANGUAGE_STANDARD = "gnu++20";
				CLANG_ENABLE_MODULES = YES;
				CLANG_ENABLE_OBJC_ARC = YES;
				CLANG_ENABLE_OBJC_WEAK = YES;
				CLANG_WARN_BLOCK_CAPTURE_AUTORELEASING = YES;
				CLANG_WARN_BOOL_CONVERSION = YES;
				CLANG_WARN_COMMA = YES;
				CLANG_WARN_CONSTANT_CONVERSION = YES;
				CLANG_WARN_DEPRECATED_OBJC_IMPLEMENTATIONS = YES;
				CLANG_WARN_DIRECT_OBJC_ISA_USAGE = YES_ERROR;
				CLANG_WARN_DOCUMENTATION_COMMENTS = YES;
				CLANG_WARN_EMPTY_BODY = YES;
				CLANG_WARN_ENUM_CONVERSION = YES;
				CLANG_WARN_INFINITE_RECURSION = YES;
				CLANG_WARN_INT_CONVERSION = YES;
				CLANG_WARN_NON_LITERAL_NULL_CONVERSION = YES;
				CLANG_WARN_OBJC_IMPLICIT_RETAIN_SELF = YES;
				CLANG_WARN_OBJC_LITERAL_CONVERSION = YES;
				CLANG_WARN_OBJC_ROOT_CLASS = YES_ERROR;
				CLANG_WARN_QUOTED_INCLUDE_IN_FRAMEWORK_HEADER = YES;
				CLANG_WARN_RANGE_LOOP_ANALYSIS = YES;
				CLANG_WARN_STRICT_PROTOTYPES = YES;
				CLANG_WARN_SUSPICIOUS_MOVE = YES;
				CLANG_WARN_UNGUARDED_AVAILABILITY = YES_AGGRESSIVE;
				CLANG_WARN_UNREACHABLE_CODE = YES;
				CLANG_WARN__DUPLICATE_METHOD_MATCH = YES;
				COPY_PHASE_STRIP = NO;
				DEBUG_INFORMATION_FORMAT = dwarf;
				ENABLE_STRICT_OBJC_MSGSEND = YES;
				ENABLE_TESTABILITY = YES;
				ENABLE_USER_SCRIPT_SANDBOXING = YES;
				GCC_C_LANGUAGE_STANDARD = gnu17;
				GCC_DYNAMIC_NO_PIC = NO;
				GCC_NO_COMMON_BLOCKS = YES;
				GCC_OPTIMIZATION_LEVEL = 0;
				GCC_PREPROCESSOR_DEFINITIONS = (
					"DEBUG=1",
					"$(inherited)",
				);
				GCC_WARN_64_TO_32_BIT_CONVERSION = YES;
				GCC_WARN_ABOUT_RETURN_TYPE = YES_ERROR;
				GCC_WARN_UNDECLARED_SELECTOR = YES;
				GCC_WARN_UNINITIALIZED_AUTOS = YES_AGGRESSIVE;
				GCC_WARN_UNUSED_FUNCTION = YES;
				GCC_WARN_UNUSED_VARIABLE = YES;
				IPHONEOS_DEPLOYMENT_TARGET = 17.2;
				LOCALIZATION_PREFERS_STRING_CATALOGS = YES;
				MTL_ENABLE_DEBUG_INFO = INCLUDE_SOURCE;
				MTL_FAST_MATH = YES;
				ONLY_ACTIVE_ARCH = YES;
				SDKROOT = iphoneos;
				SWIFT_ACTIVE_COMPILATION_CONDITIONS = "DEBUG $(inherited)";
				SWIFT_OPTIMIZATION_LEVEL = "-Onone";
			};
			name = Debug;
		};
		6AEE377D2B3D5D3E00137264 /* Release */ = {
			isa = XCBuildConfiguration;
			buildSettings = {
				ALWAYS_SEARCH_USER_PATHS = NO;
				ASSETCATALOG_COMPILER_GENERATE_SWIFT_ASSET_SYMBOL_EXTENSIONS = YES;
				CLANG_ANALYZER_NONNULL = YES;
				CLANG_ANALYZER_NUMBER_OBJECT_CONVERSION = YES_AGGRESSIVE;
				CLANG_CXX_LANGUAGE_STANDARD = "gnu++20";
				CLANG_ENABLE_MODULES = YES;
				CLANG_ENABLE_OBJC_ARC = YES;
				CLANG_ENABLE_OBJC_WEAK = YES;
				CLANG_WARN_BLOCK_CAPTURE_AUTORELEASING = YES;
				CLANG_WARN_BOOL_CONVERSION = YES;
				CLANG_WARN_COMMA = YES;
				CLANG_WARN_CONSTANT_CONVERSION = YES;
				CLANG_WARN_DEPRECATED_OBJC_IMPLEMENTATIONS = YES;
				CLANG_WARN_DIRECT_OBJC_ISA_USAGE = YES_ERROR;
				CLANG_WARN_DOCUMENTATION_COMMENTS = YES;
				CLANG_WARN_EMPTY_BODY = YES;
				CLANG_WARN_ENUM_CONVERSION = YES;
				CLANG_WARN_INFINITE_RECURSION = YES;
				CLANG_WARN_INT_CONVERSION = YES;
				CLANG_WARN_NON_LITERAL_NULL_CONVERSION = YES;
				CLANG_WARN_OBJC_IMPLICIT_RETAIN_SELF = YES;
				CLANG_WARN_OBJC_LITERAL_CONVERSION = YES;
				CLANG_WARN_OBJC_ROOT_CLASS = YES_ERROR;
				CLANG_WARN_QUOTED_INCLUDE_IN_FRAMEWORK_HEADER = YES;
				CLANG_WARN_RANGE_LOOP_ANALYSIS = YES;
				CLANG_WARN_STRICT_PROTOTYPES = YES;
				CLANG_WARN_SUSPICIOUS_MOVE = YES;
				CLANG_WARN_UNGUARDED_AVAILABILITY = YES_AGGRESSIVE;
				CLANG_WARN_UNREACHABLE_CODE = YES;
				CLANG_WARN__DUPLICATE_METHOD_MATCH = YES;
				COPY_PHASE_STRIP = NO;
				DEBUG_INFORMATION_FORMAT = "dwarf-with-dsym";
				ENABLE_NS_ASSERTIONS = NO;
				ENABLE_STRICT_OBJC_MSGSEND = YES;
				ENABLE_USER_SCRIPT_SANDBOXING = YES;
				GCC_C_LANGUAGE_STANDARD = gnu17;
				GCC_NO_COMMON_BLOCKS = YES;
				GCC_WARN_64_TO_32_BIT_CONVERSION = YES;
				GCC_WARN_ABOUT_RETURN_TYPE = YES_ERROR;
				GCC_WARN_UNDECLARED_SELECTOR = YES;
				GCC_WARN_UNINITIALIZED_AUTOS = YES_AGGRESSIVE;
				GCC_WARN_UNUSED_FUNCTION = YES;
				GCC_WARN_UNUSED_VARIABLE = YES;
				IPHONEOS_DEPLOYMENT_TARGET = 17.2;
				LOCALIZATION_PREFERS_STRING_CATALOGS = YES;
				MTL_ENABLE_DEBUG_INFO = NO;
				MTL_FAST_MATH = YES;
				SDKROOT = iphoneos;
				SWIFT_COMPILATION_MODE = wholemodule;
				VALIDATE_PRODUCT = YES;
			};
			name = Release;
		};
		6AEE377F2B3D5D3E00137264 /* Debug */ = {
			isa = XCBuildConfiguration;
			buildSettings = {
				ASSETCATALOG_COMPILER_APPICON_NAME = AppIcon;
				ASSETCATALOG_COMPILER_GLOBAL_ACCENT_COLOR_NAME = AccentColor;
				CODE_SIGN_STYLE = Automatic;
				CURRENT_PROJECT_VERSION = 1;
				DEVELOPMENT_TEAM = 2R6AR9B35M;
				GENERATE_INFOPLIST_FILE = YES;
				INFOPLIST_FILE = PiPlayground/Info.plist;
				INFOPLIST_KEY_UIApplicationSupportsIndirectInputEvents = YES;
				INFOPLIST_KEY_UILaunchStoryboardName = LaunchScreen;
				INFOPLIST_KEY_UIMainStoryboardFile = Main;
				INFOPLIST_KEY_UISupportedInterfaceOrientations_iPad = "UIInterfaceOrientationPortrait UIInterfaceOrientationPortraitUpsideDown UIInterfaceOrientationLandscapeLeft UIInterfaceOrientationLandscapeRight";
				INFOPLIST_KEY_UISupportedInterfaceOrientations_iPhone = "UIInterfaceOrientationPortrait UIInterfaceOrientationLandscapeLeft UIInterfaceOrientationLandscapeRight";
				IPHONEOS_DEPLOYMENT_TARGET = 17.0;
				LD_RUNPATH_SEARCH_PATHS = (
					"$(inherited)",
					"@executable_path/Frameworks",
				);
				MARKETING_VERSION = 1.0;
				PRODUCT_BUNDLE_IDENTIFIER = com.52toys.PiPlayground;
				PRODUCT_NAME = "$(TARGET_NAME)";
				SWIFT_EMIT_LOC_STRINGS = YES;
				SWIFT_VERSION = 5.0;
				TARGETED_DEVICE_FAMILY = "1,2";
			};
			name = Debug;
		};
		6AEE37802B3D5D3E00137264 /* Release */ = {
			isa = XCBuildConfiguration;
			buildSettings = {
				ASSETCATALOG_COMPILER_APPICON_NAME = AppIcon;
				ASSETCATALOG_COMPILER_GLOBAL_ACCENT_COLOR_NAME = AccentColor;
				CODE_SIGN_STYLE = Automatic;
				CURRENT_PROJECT_VERSION = 1;
				DEVELOPMENT_TEAM = 2R6AR9B35M;
				GENERATE_INFOPLIST_FILE = YES;
				INFOPLIST_FILE = PiPlayground/Info.plist;
				INFOPLIST_KEY_UIApplicationSupportsIndirectInputEvents = YES;
				INFOPLIST_KEY_UILaunchStoryboardName = LaunchScreen;
				INFOPLIST_KEY_UIMainStoryboardFile = Main;
				INFOPLIST_KEY_UISupportedInterfaceOrientations_iPad = "UIInterfaceOrientationPortrait UIInterfaceOrientationPortraitUpsideDown UIInterfaceOrientationLandscapeLeft UIInterfaceOrientationLandscapeRight";
				INFOPLIST_KEY_UISupportedInterfaceOrientations_iPhone = "UIInterfaceOrientationPortrait UIInterfaceOrientationLandscapeLeft UIInterfaceOrientationLandscapeRight";
				IPHONEOS_DEPLOYMENT_TARGET = 17.0;
				LD_RUNPATH_SEARCH_PATHS = (
					"$(inherited)",
					"@executable_path/Frameworks",
				);
				MARKETING_VERSION = 1.0;
				PRODUCT_BUNDLE_IDENTIFIER = com.52toys.PiPlayground;
				PRODUCT_NAME = "$(TARGET_NAME)";
				SWIFT_EMIT_LOC_STRINGS = YES;
				SWIFT_VERSION = 5.0;
				TARGETED_DEVICE_FAMILY = "1,2";
			};
			name = Release;
		};
/* End XCBuildConfiguration section */

/* Begin XCConfigurationList section */
		6AEE37652B3D5D3C00137264 /* Build configuration list for PBXProject "PiPlayground" */ = {
			isa = XCConfigurationList;
			buildConfigurations = (
				6AEE377C2B3D5D3E00137264 /* Debug */,
				6AEE377D2B3D5D3E00137264 /* Release */,
			);
			defaultConfigurationIsVisible = 0;
			defaultConfigurationName = Release;
		};
		6AEE377E2B3D5D3E00137264 /* Build configuration list for PBXNativeTarget "PiPlayground" */ = {
			isa = XCConfigurationList;
			buildConfigurations = (
				6AEE377F2B3D5D3E00137264 /* Debug */,
				6AEE37802B3D5D3E00137264 /* Release */,
			);
			defaultConfigurationIsVisible = 0;
			defaultConfigurationName = Release;
		};
/* End XCConfigurationList section */
	};
	rootObject = 6AEE37622B3D5D3C00137264 /* Project object */;
}
